
Microsoft Visual Studio Solution File, Format Version 12.00
# Visual Studio Version 17
VisualStudioVersion = 17.5.002.0
MinimumVisualStudioVersion = 10.0.40219.1
Project("{9A19103F-16F7-4668-BE54-9A1E7A4F7556}") = "validadores-c-", "validadores-c-.csproj", "{FD2CB737-4F47-4127-978A-F96BDCA57CCC}"
EndProject
Global
	GlobalSection(SolutionConfigurationPlatforms) = preSolution
		Debug|Any CPU = Debug|Any CPU
		Release|Any CPU = Release|Any CPU
	EndGlobalSection
	GlobalSection(ProjectConfigurationPlatforms) = postSolution
		{FD2CB737-4F47-4127-978A-F96BDCA57CCC}.Debug|Any CPU.ActiveCfg = Debug|Any CPU
		{FD2CB737-4F47-4127-978A-F96BDCA57CCC}.Debug|Any CPU.Build.0 = Debug|Any CPU
		{FD2CB737-4F47-4127-978A-F96BDCA57CCC}.Release|Any CPU.ActiveCfg = Release|Any CPU
		{FD2CB737-4F47-4127-978A-F96BDCA57CCC}.Release|Any CPU.Build.0 = Release|Any CPU
	EndGlobalSection
	GlobalSection(SolutionProperties) = preSolution
		HideSolutionNode = FALSE
	EndGlobalSection
	GlobalSection(ExtensibilityGlobals) = postSolution
		SolutionGuid = {E593009F-F882-45DB-9988-3C43AEFFCF68}
	EndGlobalSection
EndGlobal
